
Microsoft Visual Studio Solution File, Format Version 12.00
# Visual Studio Version 17
VisualStudioVersion = 17.0.31903.59
MinimumVisualStudioVersion = 10.0.40219.1
Project("{2150E333-8FDC-42A3-9474-1A3956D46DE8}") = "Tests", "Tests", "{8A7DA294-3474-41A2-A0CF-835F3D4BD0D2}"
EndProject
Project("{FAE04EC0-301F-11D3-BF4B-00C04F79EFBC}") = "MafiaTopDown.Domain.Tests", "Tests\MafiaTopDown.Domain.Tests\MafiaTopDown.Domain.Tests.csproj", "{2DB32835-6B6A-4C4A-8D84-34C66193DB45}"
EndProject
Global
	GlobalSection(SolutionConfigurationPlatforms) = preSolution
		Debug|Any CPU = Debug|Any CPU
		Release|Any CPU = Release|Any CPU
	EndGlobalSection
	GlobalSection(SolutionProperties) = preSolution
		HideSolutionNode = FALSE
	EndGlobalSection
	GlobalSection(ProjectConfigurationPlatforms) = postSolution
		{2DB32835-6B6A-4C4A-8D84-34C66193DB45}.Debug|Any CPU.ActiveCfg = Debug|Any CPU
		{2DB32835-6B6A-4C4A-8D84-34C66193DB45}.Debug|Any CPU.Build.0 = Debug|Any CPU
		{2DB32835-6B6A-4C4A-8D84-34C66193DB45}.Release|Any CPU.ActiveCfg = Release|Any CPU
		{2DB32835-6B6A-4C4A-8D84-34C66193DB45}.Release|Any CPU.Build.0 = Release|Any CPU
	EndGlobalSection
	GlobalSection(NestedProjects) = preSolution
		{2DB32835-6B6A-4C4A-8D84-34C66193DB45} = {8A7DA294-3474-41A2-A0CF-835F3D4BD0D2}
	EndGlobalSection
EndGlobal
